{
  "name": "Naut-for-reddit",
  "lockfileVersion": 3,
  "requires": true,
  "packages": {
    "": {
      "devDependencies": {
        "lightningcss-cli": "^1.21.5"
      }
    },
    "node_modules/detect-libc": {
      "version": "1.0.3",
      "resolved": "https://registry.npmjs.org/detect-libc/-/detect-libc-1.0.3.tgz",
      "integrity": "sha512-pGjwhsmsp4kL2RTz08wcOlGN83otlqHeD/Z5T8GXZB+/YcpQ/dgo+lbU8ZsGxV0HIvqqxo9l7mqYwyYMD9bKDg==",
      "dev": true,
      "bin": {
        "detect-libc": "bin/detect-libc.js"
      },
      "engines": {
        "node": ">=0.10"
      }
    },
    "node_modules/lightningcss-cli": {
      "version": "1.21.5",
      "resolved": "https://registry.npmjs.org/lightningcss-cli/-/lightningcss-cli-1.21.5.tgz",
      "integrity": "sha512-/svVW9fu8asR5bjyLcpogjUbD5be/R2CJaqvkjkBxUlOOqmOUWozqE+HLeghMccw+2j3iJPybQ7PENyvpDZafQ==",
      "dev": true,
      "hasInstallScript": true,
      "dependencies": {
        "detect-libc": "^1.0.3"
      },
      "bin": {
        "lightningcss": "lightningcss"
      },
      "engines": {
        "node": ">= 12.0.0"
      },
      "funding": {
        "type": "opencollective",
        "url": "https://opencollective.com/parcel"
      },
      "optionalDependencies": {
        "lightningcss-cli-darwin-arm64": "1.21.5",
        "lightningcss-cli-darwin-x64": "1.21.5",
        "lightningcss-cli-linux-arm-gnueabihf": "1.21.5",
        "lightningcss-cli-linux-arm64-gnu": "1.21.5",
        "lightningcss-cli-linux-arm64-musl": "1.21.5",
        "lightningcss-cli-linux-x64-gnu": "1.21.5",
        "lightningcss-cli-linux-x64-musl": "1.21.5",
        "lightningcss-cli-win32-x64-msvc": "1.21.5"
      }
    },
    "node_modules/lightningcss-cli-darwin-arm64": {
      "version": "1.21.5",
      "resolved": "https://registry.npmjs.org/lightningcss-cli-darwin-arm64/-/lightningcss-cli-darwin-arm64-1.21.5.tgz",
      "integrity": "sha512-ut8Ulw+gStxmgw3GXJ4LabapuyYT+oR+y8XudIvcxpEmmkh0lfrE+ZJLHXlt0HRCplaADtPgmn12CVIwaNiPQw==",
      "cpu": [
        "arm64"
      ],
      "dev": true,
      "optional": true,
      "os": [
        "darwin"
      ],
      "engines": {
        "node": ">= 12.0.0"
      },
      "funding": {
        "type": "opencollective",
        "url": "https://opencollective.com/parcel"
      }
    },
    "node_modules/lightningcss-cli-darwin-x64": {
      "version": "1.21.5",
      "resolved": "https://registry.npmjs.org/lightningcss-cli-darwin-x64/-/lightningcss-cli-darwin-x64-1.21.5.tgz",
      "integrity": "sha512-da/YojCmfHV3FkPt0APyAVOEUsXDgfKTYGG+XmREOfZZeFs1GEVcJpIR+LrGtUDvzlZBsU+uAFcEeyI24kNdIg==",
      "cpu": [
        "x64"
      ],
      "dev": true,
      "optional": true,
      "os": [
        "darwin"
      ],
      "engines": {
        "node": ">= 12.0.0"
      },
      "funding": {
        "type": "opencollective",
        "url": "https://opencollective.com/parcel"
      }
    },
    "node_modules/lightningcss-cli-linux-arm-gnueabihf": {
      "version": "1.21.5",
      "resolved": "https://registry.npmjs.org/lightningcss-cli-linux-arm-gnueabihf/-/lightningcss-cli-linux-arm-gnueabihf-1.21.5.tgz",
      "integrity": "sha512-8tmP49QKz1qlt+EyYdQYbvr/nYVcWQdZxk17wVcZP8zE3Y8pT7pHRMediianK/w1KPUWKxL+67Ga37iIKEeQ3g==",
      "cpu": [
        "arm"
      ],
      "dev": true,
      "optional": true,
      "os": [
        "linux"
      ],
      "engines": {
        "node": ">= 12.0.0"
      },
      "funding": {
        "type": "opencollective",
        "url": "https://opencollective.com/parcel"
      }
    },
    "node_modules/lightningcss-cli-linux-arm64-gnu": {
      "version": "1.21.5",
      "resolved": "https://registry.npmjs.org/lightningcss-cli-linux-arm64-gnu/-/lightningcss-cli-linux-arm64-gnu-1.21.5.tgz",
      "integrity": "sha512-+6Rh4XV3HgXhbQcG/2uH+ojY63e7vZ1waP+AP5OEMOp0Jl1o9FknaDve+jy81yCi15HlTUtYsf6iSvuI0vCxXA==",
      "cpu": [
        "arm64"
      ],
      "dev": true,
      "optional": true,
      "os": [
        "linux"
      ],
      "engines": {
        "node": ">= 12.0.0"
      },
      "funding": {
        "type": "opencollective",
        "url": "https://opencollective.com/parcel"
      }
    },
    "node_modules/lightningcss-cli-linux-arm64-musl": {
      "version": "1.21.5",
      "resolved": "https://registry.npmjs.org/lightningcss-cli-linux-arm64-musl/-/lightningcss-cli-linux-arm64-musl-1.21.5.tgz",
      "integrity": "sha512-dsLn3iZUr4qe9BCdDLlCpRchtM0YAc9YeXiZJLdXNXW9gECDCA74FxcbvGN4in/SW39zv6wRA0T90X4nQmBYJw==",
      "cpu": [
        "arm64"
      ],
      "dev": true,
      "optional": true,
      "os": [
        "linux"
      ],
      "engines": {
        "node": ">= 12.0.0"
      },
      "funding": {
        "type": "opencollective",
        "url": "https://opencollective.com/parcel"
      }
    },
    "node_modules/lightningcss-cli-linux-x64-gnu": {
      "version": "1.21.5",
      "resolved": "https://registry.npmjs.org/lightningcss-cli-linux-x64-gnu/-/lightningcss-cli-linux-x64-gnu-1.21.5.tgz",
      "integrity": "sha512-baytCG/pMsa02Zhzki09BiwYeYD8AwDL2MxSpmMUK3UdGraNMAUKaHV/5mxoEjAbH6WPz9ATIyCr9W8X3Gkjeg==",
      "cpu": [
        "x64"
      ],
      "dev": true,
      "optional": true,
      "os": [
        "linux"
      ],
      "engines": {
        "node": ">= 12.0.0"
      },
      "funding": {
        "type": "opencollective",
        "url": "https://opencollective.com/parcel"
      }
    },
    "node_modules/lightningcss-cli-linux-x64-musl": {
      "version": "1.21.5",
      "resolved": "https://registry.npmjs.org/lightningcss-cli-linux-x64-musl/-/lightningcss-cli-linux-x64-musl-1.21.5.tgz",
      "integrity": "sha512-Fp47eHT/zNuw+Vo6cMQyDNNXUkU7vu445dnYmabeS4HufKUX/8a4gviZXon4qX/uiyTpL/v9yxmt44FFwk12UQ==",
      "cpu": [
        "x64"
      ],
      "dev": true,
      "optional": true,
      "os": [
        "linux"
      ],
      "engines": {
        "node": ">= 12.0.0"
      },
      "funding": {
        "type": "opencollective",
        "url": "https://opencollective.com/parcel"
      }
    },
    "node_modules/lightningcss-cli-win32-x64-msvc": {
      "version": "1.21.5",
      "resolved": "https://registry.npmjs.org/lightningcss-cli-win32-x64-msvc/-/lightningcss-cli-win32-x64-msvc-1.21.5.tgz",
      "integrity": "sha512-KCMIbe41Php9cCMTF4sbu7esheB1mTDozfaFPQXk33VJVvTwvBEPQr8me38YW18G4vq1BSUX3vJjLwQatEqsvQ==",
      "cpu": [
        "x64"
      ],
      "dev": true,
      "optional": true,
      "os": [
        "win32"
      ],
      "engines": {
        "node": ">= 12.0.0"
      },
      "funding": {
        "type": "opencollective",
        "url": "https://opencollective.com/parcel"
      }
    }
  }
}
